
Microsoft Visual Studio Solution File, Format Version 12.00
# Visual Studio Version 16
VisualStudioVersion = 16.0.30907.101
MinimumVisualStudioVersion = 10.0.40219.1
Project("{FAE04EC0-301F-11D3-BF4B-00C04F79EFBC}") = "School", "School\School.csproj", "{1BE0E2CD-3895-447D-A261-8ACD17166340}"
EndProject
Global
	GlobalSection(SolutionConfigurationPlatforms) = preSolution
		Debug|Any CPU = Debug|Any CPU
		Release|Any CPU = Release|Any CPU
	EndGlobalSection
	GlobalSection(ProjectConfigurationPlatforms) = postSolution
		{1BE0E2CD-3895-447D-A261-8ACD17166340}.Debug|Any CPU.ActiveCfg = Debug|Any CPU
		{1BE0E2CD-3895-447D-A261-8ACD17166340}.Debug|Any CPU.Build.0 = Debug|Any CPU
		{1BE0E2CD-3895-447D-A261-8ACD17166340}.Release|Any CPU.ActiveCfg = Release|Any CPU
		{1BE0E2CD-3895-447D-A261-8ACD17166340}.Release|Any CPU.Build.0 = Release|Any CPU
	EndGlobalSection
	GlobalSection(SolutionProperties) = preSolution
		HideSolutionNode = FALSE
	EndGlobalSection
	GlobalSection(ExtensibilityGlobals) = postSolution
		SolutionGuid = {AC14483F-B808-4341-85EC-1EE3ED719F65}
	EndGlobalSection
EndGlobal
